
Microsoft Visual Studio Solution File, Format Version 12.00
# Visual Studio Version 17
VisualStudioVersion = 17.5.33414.496
MinimumVisualStudioVersion = 10.0.40219.1
Project("{FAE04EC0-301F-11D3-BF4B-00C04F79EFBC}") = "ClassMenagment", "ClassMenagment\ClassMenagment.csproj", "{23EACB59-F594-4114-8453-BE1D0935B6BE}"
EndProject
Global
	GlobalSection(SolutionConfigurationPlatforms) = preSolution
		Debug|Any CPU = Debug|Any CPU
		Release|Any CPU = Release|Any CPU
	EndGlobalSection
	GlobalSection(ProjectConfigurationPlatforms) = postSolution
		{23EACB59-F594-4114-8453-BE1D0935B6BE}.Debug|Any CPU.ActiveCfg = Debug|Any CPU
		{23EACB59-F594-4114-8453-BE1D0935B6BE}.Debug|Any CPU.Build.0 = Debug|Any CPU
		{23EACB59-F594-4114-8453-BE1D0935B6BE}.Release|Any CPU.ActiveCfg = Release|Any CPU
		{23EACB59-F594-4114-8453-BE1D0935B6BE}.Release|Any CPU.Build.0 = Release|Any CPU
	EndGlobalSection
	GlobalSection(SolutionProperties) = preSolution
		HideSolutionNode = FALSE
	EndGlobalSection
	GlobalSection(ExtensibilityGlobals) = postSolution
		SolutionGuid = {AA154E02-3E36-4392-86A2-81E2533C3B6C}
	EndGlobalSection
EndGlobal
